// !$*UTF8*$!
{
	archiveVersion = 1;
	classes = {
	};
	objectVersion = 51;
	objects = {

/* Begin PBXBuildFile section */
		86DA2E2B43A4FC8AA9523374 /* Pods_AlmofireMVCSample4.framework in Frameworks */ = {isa = PBXBuildFile; fileRef = CA457ECBF80184601279527D /* Pods_AlmofireMVCSample4.framework */; };
		ECEFF56F243251F1004FA341 /* AppDelegate.swift in Sources */ = {isa = PBXBuildFile; fileRef = ECEFF56E243251F1004FA341 /* AppDelegate.swift */; };
		ECEFF571243251F1004FA341 /* SceneDelegate.swift in Sources */ = {isa = PBXBuildFile; fileRef = ECEFF570243251F1004FA341 /* SceneDelegate.swift */; };
		ECEFF573243251F1004FA341 /* ViewController.swift in Sources */ = {isa = PBXBuildFile; fileRef = ECEFF572243251F1004FA341 /* ViewController.swift */; };
		ECEFF576243251F1004FA341 /* Main.storyboard in Resources */ = {isa = PBXBuildFile; fileRef = ECEFF574243251F1004FA341 /* Main.storyboard */; };
		ECEFF578243251F6004FA341 /* Assets.xcassets in Resources */ = {isa = PBXBuildFile; fileRef = ECEFF577243251F6004FA341 /* Assets.xcassets */; };
		ECEFF57B243251F6004FA341 /* LaunchScreen.storyboard in Resources */ = {isa = PBXBuildFile; fileRef = ECEFF579243251F6004FA341 /* LaunchScreen.storyboard */; };
		ECEFF58924325260004FA341 /* Media.swift in Sources */ = {isa = PBXBuildFile; fileRef = ECEFF58624325260004FA341 /* Media.swift */; };
		ECEFF58A24325260004FA341 /* Items.swift in Sources */ = {isa = PBXBuildFile; fileRef = ECEFF58724325260004FA341 /* Items.swift */; };
		ECEFF58B24325260004FA341 /* Photos.swift in Sources */ = {isa = PBXBuildFile; fileRef = ECEFF58824325260004FA341 /* Photos.swift */; };
		ECEFF58E243252BE004FA341 /* Constants.swift in Sources */ = {isa = PBXBuildFile; fileRef = ECEFF58D243252BE004FA341 /* Constants.swift */; };
		ECEFF591243252E5004FA341 /* NetworkingClient.swift in Sources */ = {isa = PBXBuildFile; fileRef = ECEFF590243252E5004FA341 /* NetworkingClient.swift */; };
/* End PBXBuildFile section */

/* Begin PBXFileReference section */
		A6C0810D3FEB33FEFBFA2458 /* Pods-AlmofireMVCSample4.release.xcconfig */ = {isa = PBXFileReference; includeInIndex = 1; lastKnownFileType = text.xcconfig; name = "Pods-AlmofireMVCSample4.release.xcconfig"; path = "Target Support Files/Pods-AlmofireMVCSample4/Pods-AlmofireMVCSample4.release.xcconfig"; sourceTree = "<group>"; };
		C5C7F1027B6010AA6DBF927C /* Pods-AlmofireMVCSample4.debug.xcconfig */ = {isa = PBXFileReference; includeInIndex = 1; lastKnownFileType = text.xcconfig; name = "Pods-AlmofireMVCSample4.debug.xcconfig"; path = "Target Support Files/Pods-AlmofireMVCSample4/Pods-AlmofireMVCSample4.debug.xcconfig"; sourceTree = "<group>"; };
		CA457ECBF80184601279527D /* Pods_AlmofireMVCSample4.framework */ = {isa = PBXFileReference; explicitFileType = wrapper.framework; includeInIndex = 0; path = Pods_AlmofireMVCSample4.framework; sourceTree = BUILT_PRODUCTS_DIR; };
		ECEFF56B243251F1004FA341 /* AlmofireMVCSample4.app */ = {isa = PBXFileReference; explicitFileType = wrapper.application; includeInIndex = 0; path = AlmofireMVCSample4.app; sourceTree = BUILT_PRODUCTS_DIR; };
		ECEFF56E243251F1004FA341 /* AppDelegate.swift */ = {isa = PBXFileReference; lastKnownFileType = sourcecode.swift; path = AppDelegate.swift; sourceTree = "<group>"; };
		ECEFF570243251F1004FA341 /* SceneDelegate.swift */ = {isa = PBXFileReference; lastKnownFileType = sourcecode.swift; path = SceneDelegate.swift; sourceTree = "<group>"; };
		ECEFF572243251F1004FA341 /* ViewController.swift */ = {isa = PBXFileReference; lastKnownFileType = sourcecode.swift; path = ViewController.swift; sourceTree = "<group>"; };
		ECEFF575243251F1004FA341 /* Base */ = {isa = PBXFileReference; lastKnownFileType = file.storyboard; name = Base; path = Base.lproj/Main.storyboard; sourceTree = "<group>"; };
		ECEFF577243251F6004FA341 /* Assets.xcassets */ = {isa = PBXFileReference; lastKnownFileType = folder.assetcatalog; path = Assets.xcassets; sourceTree = "<group>"; };
		ECEFF57A243251F6004FA341 /* Base */ = {isa = PBXFileReference; lastKnownFileType = file.storyboard; name = Base; path = Base.lproj/LaunchScreen.storyboard; sourceTree = "<group>"; };
		ECEFF57C243251F6004FA341 /* Info.plist */ = {isa = PBXFileReference; lastKnownFileType = text.plist.xml; path = Info.plist; sourceTree = "<group>"; };
		ECEFF58624325260004FA341 /* Media.swift */ = {isa = PBXFileReference; fileEncoding = 4; lastKnownFileType = sourcecode.swift; path = Media.swift; sourceTree = "<group>"; };
		ECEFF58724325260004FA341 /* Items.swift */ = {isa = PBXFileReference; fileEncoding = 4; lastKnownFileType = sourcecode.swift; path = Items.swift; sourceTree = "<group>"; };
		ECEFF58824325260004FA341 /* Photos.swift */ = {isa = PBXFileReference; fileEncoding = 4; lastKnownFileType = sourcecode.swift; path = Photos.swift; sourceTree = "<group>"; };
		ECEFF58D243252BE004FA341 /* Constants.swift */ = {isa = PBXFileReference; fileEncoding = 4; lastKnownFileType = sourcecode.swift; path = Constants.swift; sourceTree = "<group>"; };
		ECEFF590243252E5004FA341 /* NetworkingClient.swift */ = {isa = PBXFileReference; fileEncoding = 4; lastKnownFileType = sourcecode.swift; path = NetworkingClient.swift; sourceTree = "<group>"; };
/* End PBXFileReference section */

/* Begin PBXFrameworksBuildPhase section */
		ECEFF568243251F1004FA341 /* Frameworks */ = {
			isa = PBXFrameworksBuildPhase;
			buildActionMask = 2147483647;
			files = (
				86DA2E2B43A4FC8AA9523374 /* Pods_AlmofireMVCSample4.framework in Frameworks */,
			);
			runOnlyForDeploymentPostprocessing = 0;
		};
/* End PBXFrameworksBuildPhase section */

/* Begin PBXGroup section */
		26F56CB3E2833988A78E1B28 /* Frameworks */ = {
			isa = PBXGroup;
			children = (
				CA457ECBF80184601279527D /* Pods_AlmofireMVCSample4.framework */,
			);
			name = Frameworks;
			sourceTree = "<group>";
		};
		5C351FAEF27F09ED9DD73415 /* Pods */ = {
			isa = PBXGroup;
			children = (
				C5C7F1027B6010AA6DBF927C /* Pods-AlmofireMVCSample4.debug.xcconfig */,
				A6C0810D3FEB33FEFBFA2458 /* Pods-AlmofireMVCSample4.release.xcconfig */,
			);
			path = Pods;
			sourceTree = "<group>";
		};
		ECEFF562243251F1004FA341 = {
			isa = PBXGroup;
			children = (
				ECEFF58F243252D5004FA341 /* NetworkingClient */,
				ECEFF58C243252B0004FA341 /* Constants */,
				ECEFF56D243251F1004FA341 /* AlmofireMVCSample4 */,
				ECEFF56C243251F1004FA341 /* Products */,
				5C351FAEF27F09ED9DD73415 /* Pods */,
				26F56CB3E2833988A78E1B28 /* Frameworks */,
			);
			sourceTree = "<group>";
		};
		ECEFF56C243251F1004FA341 /* Products */ = {
			isa = PBXGroup;
			children = (
				ECEFF56B243251F1004FA341 /* AlmofireMVCSample4.app */,
			);
			name = Products;
			sourceTree = "<group>";
		};
		ECEFF56D243251F1004FA341 /* AlmofireMVCSample4 */ = {
			isa = PBXGroup;
			children = (
				ECEFF56E243251F1004FA341 /* AppDelegate.swift */,
				ECEFF570243251F1004FA341 /* SceneDelegate.swift */,
				ECEFF572243251F1004FA341 /* ViewController.swift */,
				ECEFF574243251F1004FA341 /* Main.storyboard */,
				ECEFF577243251F6004FA341 /* Assets.xcassets */,
				ECEFF579243251F6004FA341 /* LaunchScreen.storyboard */,
				ECEFF57C243251F6004FA341 /* Info.plist */,
				ECEFF58824325260004FA341 /* Photos.swift */,
				ECEFF58724325260004FA341 /* Items.swift */,
				ECEFF58624325260004FA341 /* Media.swift */,
			);
			path = AlmofireMVCSample4;
			sourceTree = "<group>";
		};
		ECEFF58C243252B0004FA341 /* Constants */ = {
			isa = PBXGroup;
			children = (
				ECEFF58D243252BE004FA341 /* Constants.swift */,
			);
			path = Constants;
			sourceTree = "<group>";
		};
		ECEFF58F243252D5004FA341 /* NetworkingClient */ = {
			isa = PBXGroup;
			children = (
				ECEFF590243252E5004FA341 /* NetworkingClient.swift */,
			);
			path = NetworkingClient;
			sourceTree = "<group>";
		};
/* End PBXGroup section */

/* Begin PBXNativeTarget section */
		ECEFF56A243251F1004FA341 /* AlmofireMVCSample4 */ = {
			isa = PBXNativeTarget;
			buildConfigurationList = ECEFF57F243251F6004FA341 /* Build configuration list for PBXNativeTarget "AlmofireMVCSample4" */;
			buildPhases = (
				20420BF5B56E2E85305B3D8A /* [CP] Check Pods Manifest.lock */,
				ECEFF567243251F1004FA341 /* Sources */,
				ECEFF568243251F1004FA341 /* Frameworks */,
				ECEFF569243251F1004FA341 /* Resources */,
				2ACD02A4CDCDA2C1AF47CCAE /* [CP] Embed Pods Frameworks */,
			);
			buildRules = (
			);
			dependencies = (
			);
			name = AlmofireMVCSample4;
			productName = AlmofireMVCSample4;
			productReference = ECEFF56B243251F1004FA341 /* AlmofireMVCSample4.app */;
			productType = "com.apple.product-type.application";
		};
/* End PBXNativeTarget section */

/* Begin PBXProject section */
		ECEFF563243251F1004FA341 /* Project object */ = {
			isa = PBXProject;
			attributes = {
				LastSwiftUpdateCheck = 1120;
				LastUpgradeCheck = 1120;
				ORGANIZATIONNAME = iHubTechnologiesPvtLtd;
				TargetAttributes = {
					ECEFF56A243251F1004FA341 = {
						CreatedOnToolsVersion = 11.2.1;
					};
				};
			};
			buildConfigurationList = ECEFF566243251F1004FA341 /* Build configuration list for PBXProject "AlmofireMVCSample4" */;
			compatibilityVersion = "Xcode 9.3";
			developmentRegion = en;
			hasScannedForEncodings = 0;
			knownRegions = (
				en,
				Base,
			);
			mainGroup = ECEFF562243251F1004FA341;
			productRefGroup = ECEFF56C243251F1004FA341 /* Products */;
			projectDirPath = "";
			projectRoot = "";
			targets = (
				ECEFF56A243251F1004FA341 /* AlmofireMVCSample4 */,
			);
		};
/* End PBXProject section */

/* Begin PBXResourcesBuildPhase section */
		ECEFF569243251F1004FA341 /* Resources */ = {
			isa = PBXResourcesBuildPhase;
			buildActionMask = 2147483647;
			files = (
				ECEFF57B243251F6004FA341 /* LaunchScreen.storyboard in Resources */,
				ECEFF578243251F6004FA341 /* Assets.xcassets in Resources */,
				ECEFF576243251F1004FA341 /* Main.storyboard in Resources */,
			);
			runOnlyForDeploymentPostprocessing = 0;
		};
/* End PBXResourcesBuildPhase section */

/* Begin PBXShellScriptBuildPhase section */
		20420BF5B56E2E85305B3D8A /* [CP] Check Pods Manifest.lock */ = {
			isa = PBXShellScriptBuildPhase;
			buildActionMask = 2147483647;
			files = (
			);
			inputFileListPaths = (
			);
			inputPaths = (
				"${PODS_PODFILE_DIR_PATH}/Podfile.lock",
				"${PODS_ROOT}/Manifest.lock",
			);
			name = "[CP] Check Pods Manifest.lock";
			outputFileListPaths = (
			);
			outputPaths = (
				"$(DERIVED_FILE_DIR)/Pods-AlmofireMVCSample4-checkManifestLockResult.txt",
			);
			runOnlyForDeploymentPostprocessing = 0;
			shellPath = /bin/sh;
			shellScript = "diff \"${PODS_PODFILE_DIR_PATH}/Podfile.lock\" \"${PODS_ROOT}/Manifest.lock\" > /dev/null\nif [ $? != 0 ] ; then\n    # print error to STDERR\n    echo \"error: The sandbox is not in sync with the Podfile.lock. Run 'pod install' or update your CocoaPods installation.\" >&2\n    exit 1\nfi\n# This output is used by Xcode 'outputs' to avoid re-running this script phase.\necho \"SUCCESS\" > \"${SCRIPT_OUTPUT_FILE_0}\"\n";
			showEnvVarsInLog = 0;
		};
		2ACD02A4CDCDA2C1AF47CCAE /* [CP] Embed Pods Frameworks */ = {
			isa = PBXShellScriptBuildPhase;
			buildActionMask = 2147483647;
			files = (
			);
			inputFileListPaths = (
				"${PODS_ROOT}/Target Support Files/Pods-AlmofireMVCSample4/Pods-AlmofireMVCSample4-frameworks-${CONFIGURATION}-input-files.xcfilelist",
			);
			name = "[CP] Embed Pods Frameworks";
			outputFileListPaths = (
				"${PODS_ROOT}/Target Support Files/Pods-AlmofireMVCSample4/Pods-AlmofireMVCSample4-frameworks-${CONFIGURATION}-output-files.xcfilelist",
			);
			runOnlyForDeploymentPostprocessing = 0;
			shellPath = /bin/sh;
			shellScript = "\"${PODS_ROOT}/Target Support Files/Pods-AlmofireMVCSample4/Pods-AlmofireMVCSample4-frameworks.sh\"\n";
			showEnvVarsInLog = 0;
		};
/* End PBXShellScriptBuildPhase section */

/* Begin PBXSourcesBuildPhase section */
		ECEFF567243251F1004FA341 /* Sources */ = {
			isa = PBXSourcesBuildPhase;
			buildActionMask = 2147483647;
			files = (
				ECEFF591243252E5004FA341 /* NetworkingClient.swift in Sources */,
				ECEFF573243251F1004FA341 /* ViewController.swift in Sources */,
				ECEFF58A24325260004FA341 /* Items.swift in Sources */,
				ECEFF56F243251F1004FA341 /* AppDelegate.swift in Sources */,
				ECEFF58924325260004FA341 /* Media.swift in Sources */,
				ECEFF58E243252BE004FA341 /* Constants.swift in Sources */,
				ECEFF571243251F1004FA341 /* SceneDelegate.swift in Sources */,
				ECEFF58B24325260004FA341 /* Photos.swift in Sources */,
			);
			runOnlyForDeploymentPostprocessing = 0;
		};
/* End PBXSourcesBuildPhase section */

/* Begin PBXVariantGroup section */
		ECEFF574243251F1004FA341 /* Main.storyboard */ = {
			isa = PBXVariantGroup;
			children = (
				ECEFF575243251F1004FA341 /* Base */,
			);
			name = Main.storyboard;
			sourceTree = "<group>";
		};
		ECEFF579243251F6004FA341 /* LaunchScreen.storyboard */ = {
			isa = PBXVariantGroup;
			children = (
				ECEFF57A243251F6004FA341 /* Base */,
			);
			name = LaunchScreen.storyboard;
			sourceTree = "<group>";
		};
/* End PBXVariantGroup section */

/* Begin XCBuildConfiguration section */
		ECEFF57D243251F6004FA341 /* Debug */ = {
			isa = XCBuildConfiguration;
			buildSettings = {
				ALWAYS_SEARCH_USER_PATHS = NO;
				CLANG_ANALYZER_NONNULL = YES;
				CLANG_ANALYZER_NUMBER_OBJECT_CONVERSION = YES_AGGRESSIVE;
				CLANG_CXX_LANGUAGE_STANDARD = "gnu++14";
				CLANG_CXX_LIBRARY = "libc++";
				CLANG_ENABLE_MODULES = YES;
				CLANG_ENABLE_OBJC_ARC = YES;
				CLANG_ENABLE_OBJC_WEAK = YES;
				CLANG_WARN_BLOCK_CAPTURE_AUTORELEASING = YES;
				CLANG_WARN_BOOL_CONVERSION = YES;
				CLANG_WARN_COMMA = YES;
				CLANG_WARN_CONSTANT_CONVERSION = YES;
				CLANG_WARN_DEPRECATED_OBJC_IMPLEMENTATIONS = YES;
				CLANG_WARN_DIRECT_OBJC_ISA_USAGE = YES_ERROR;
				CLANG_WARN_DOCUMENTATION_COMMENTS = YES;
				CLANG_WARN_EMPTY_BODY = YES;
				CLANG_WARN_ENUM_CONVERSION = YES;
				CLANG_WARN_INFINITE_RECURSION = YES;
				CLANG_WARN_INT_CONVERSION = YES;
				CLANG_WARN_NON_LITERAL_NULL_CONVERSION = YES;
				CLANG_WARN_OBJC_IMPLICIT_RETAIN_SELF = YES;
				CLANG_WARN_OBJC_LITERAL_CONVERSION = YES;
				CLANG_WARN_OBJC_ROOT_CLASS = YES_ERROR;
				CLANG_WARN_RANGE_LOOP_ANALYSIS = YES;
				CLANG_WARN_STRICT_PROTOTYPES = YES;
				CLANG_WARN_SUSPICIOUS_MOVE = YES;
				CLANG_WARN_UNGUARDED_AVAILABILITY = YES_AGGRESSIVE;
				CLANG_WARN_UNREACHABLE_CODE = YES;
				CLANG_WARN__DUPLICATE_METHOD_MATCH = YES;
				COPY_PHASE_STRIP = NO;
				DEBUG_INFORMATION_FORMAT = dwarf;
				ENABLE_STRICT_OBJC_MSGSEND = YES;
				ENABLE_TESTABILITY = YES;
				GCC_C_LANGUAGE_STANDARD = gnu11;
				GCC_DYNAMIC_NO_PIC = NO;
				GCC_NO_COMMON_BLOCKS = YES;
				GCC_OPTIMIZATION_LEVEL = 0;
				GCC_PREPROCESSOR_DEFINITIONS = (
					"DEBUG=1",
					"$(inherited)",
				);
				GCC_WARN_64_TO_32_BIT_CONVERSION = YES;
				GCC_WARN_ABOUT_RETURN_TYPE = YES_ERROR;
				GCC_WARN_UNDECLARED_SELECTOR = YES;
				GCC_WARN_UNINITIALIZED_AUTOS = YES_AGGRESSIVE;
				GCC_WARN_UNUSED_FUNCTION = YES;
				GCC_WARN_UNUSED_VARIABLE = YES;
				IPHONEOS_DEPLOYMENT_TARGET = 13.2;
				MTL_ENABLE_DEBUG_INFO = INCLUDE_SOURCE;
				MTL_FAST_MATH = YES;
				ONLY_ACTIVE_ARCH = YES;
				SDKROOT = iphoneos;
				SWIFT_ACTIVE_COMPILATION_CONDITIONS = DEBUG;
				SWIFT_OPTIMIZATION_LEVEL = "-Onone";
			};
			name = Debug;
		};
		ECEFF57E243251F6004FA341 /* Release */ = {
			isa = XCBuildConfiguration;
			buildSettings = {
				ALWAYS_SEARCH_USER_PATHS = NO;
				CLANG_ANALYZER_NONNULL = YES;
				CLANG_ANALYZER_NUMBER_OBJECT_CONVERSION = YES_AGGRESSIVE;
				CLANG_CXX_LANGUAGE_STANDARD = "gnu++14";
				CLANG_CXX_LIBRARY = "libc++";
				CLANG_ENABLE_MODULES = YES;
				CLANG_ENABLE_OBJC_ARC = YES;
				CLANG_ENABLE_OBJC_WEAK = YES;
				CLANG_WARN_BLOCK_CAPTURE_AUTORELEASING = YES;
				CLANG_WARN_BOOL_CONVERSION = YES;
				CLANG_WARN_COMMA = YES;
				CLANG_WARN_CONSTANT_CONVERSION = YES;
				CLANG_WARN_DEPRECATED_OBJC_IMPLEMENTATIONS = YES;
				CLANG_WARN_DIRECT_OBJC_ISA_USAGE = YES_ERROR;
				CLANG_WARN_DOCUMENTATION_COMMENTS = YES;
				CLANG_WARN_EMPTY_BODY = YES;
				CLANG_WARN_ENUM_CONVERSION = YES;
				CLANG_WARN_INFINITE_RECURSION = YES;
				CLANG_WARN_INT_CONVERSION = YES;
				CLANG_WARN_NON_LITERAL_NULL_CONVERSION = YES;
				CLANG_WARN_OBJC_IMPLICIT_RETAIN_SELF = YES;
				CLANG_WARN_OBJC_LITERAL_CONVERSION = YES;
				CLANG_WARN_OBJC_ROOT_CLASS = YES_ERROR;
				CLANG_WARN_RANGE_LOOP_ANALYSIS = YES;
				CLANG_WARN_STRICT_PROTOTYPES = YES;
				CLANG_WARN_SUSPICIOUS_MOVE = YES;
				CLANG_WARN_UNGUARDED_AVAILABILITY = YES_AGGRESSIVE;
				CLANG_WARN_UNREACHABLE_CODE = YES;
				CLANG_WARN__DUPLICATE_METHOD_MATCH = YES;
				COPY_PHASE_STRIP = NO;
				DEBUG_INFORMATION_FORMAT = "dwarf-with-dsym";
				ENABLE_NS_ASSERTIONS = NO;
				ENABLE_STRICT_OBJC_MSGSEND = YES;
				GCC_C_LANGUAGE_STANDARD = gnu11;
				GCC_NO_COMMON_BLOCKS = YES;
				GCC_WARN_64_TO_32_BIT_CONVERSION = YES;
				GCC_WARN_ABOUT_RETURN_TYPE = YES_ERROR;
				GCC_WARN_UNDECLARED_SELECTOR = YES;
				GCC_WARN_UNINITIALIZED_AUTOS = YES_AGGRESSIVE;
				GCC_WARN_UNUSED_FUNCTION = YES;
				GCC_WARN_UNUSED_VARIABLE = YES;
				IPHONEOS_DEPLOYMENT_TARGET = 13.2;
				MTL_ENABLE_DEBUG_INFO = NO;
				MTL_FAST_MATH = YES;
				SDKROOT = iphoneos;
				SWIFT_COMPILATION_MODE = wholemodule;
				SWIFT_OPTIMIZATION_LEVEL = "-O";
				VALIDATE_PRODUCT = YES;
			};
			name = Release;
		};
		ECEFF580243251F6004FA341 /* Debug */ = {
			isa = XCBuildConfiguration;
			baseConfigurationReference = C5C7F1027B6010AA6DBF927C /* Pods-AlmofireMVCSample4.debug.xcconfig */;
			buildSettings = {
				ASSETCATALOG_COMPILER_APPICON_NAME = AppIcon;
				CODE_SIGN_STYLE = Automatic;
				INFOPLIST_FILE = AlmofireMVCSample4/Info.plist;
				LD_RUNPATH_SEARCH_PATHS = (
					"$(inherited)",
					"@executable_path/Frameworks",
				);
				PRODUCT_BUNDLE_IDENTIFIER = iHubTechnologiesPvtLtd.AlmofireMVCSample4;
				PRODUCT_NAME = "$(TARGET_NAME)";
				SWIFT_VERSION = 5.0;
				TARGETED_DEVICE_FAMILY = "1,2";
			};
			name = Debug;
		};
		ECEFF581243251F6004FA341 /* Release */ = {
			isa = XCBuildConfiguration;
			baseConfigurationReference = A6C0810D3FEB33FEFBFA2458 /* Pods-AlmofireMVCSample4.release.xcconfig */;
			buildSettings = {
				ASSETCATALOG_COMPILER_APPICON_NAME = AppIcon;
				CODE_SIGN_STYLE = Automatic;
				INFOPLIST_FILE = AlmofireMVCSample4/Info.plist;
				LD_RUNPATH_SEARCH_PATHS = (
					"$(inherited)",
					"@executable_path/Frameworks",
				);
				PRODUCT_BUNDLE_IDENTIFIER = iHubTechnologiesPvtLtd.AlmofireMVCSample4;
				PRODUCT_NAME = "$(TARGET_NAME)";
				SWIFT_VERSION = 5.0;
				TARGETED_DEVICE_FAMILY = "1,2";
			};
			name = Release;
		};
/* End XCBuildConfiguration section */

/* Begin XCConfigurationList section */
		ECEFF566243251F1004FA341 /* Build configuration list for PBXProject "AlmofireMVCSample4" */ = {
			isa = XCConfigurationList;
			buildConfigurations = (
				ECEFF57D243251F6004FA341 /* Debug */,
				ECEFF57E243251F6004FA341 /* Release */,
			);
			defaultConfigurationIsVisible = 0;
			defaultConfigurationName = Release;
		};
		ECEFF57F243251F6004FA341 /* Build configuration list for PBXNativeTarget "AlmofireMVCSample4" */ = {
			isa = XCConfigurationList;
			buildConfigurations = (
				ECEFF580243251F6004FA341 /* Debug */,
				ECEFF581243251F6004FA341 /* Release */,
			);
			defaultConfigurationIsVisible = 0;
			defaultConfigurationName = Release;
		};
/* End XCConfigurationList section */
	};
	rootObject = ECEFF563243251F1004FA341 /* Project object */;
}
